// !$*UTF8*$!
{
	archiveVersion = 1;
	classes = {
	};
	objectVersion = 63;
	objects = {

/* Begin PBXBuildFile section */
		5680E1B32C6372B10013F39E /* PhotoFusionBridge.m in Sources */ = {isa = PBXBuildFile; fileRef = 5680E1B22C6372B10013F39E /* PhotoFusionBridge.m */; };
		5693FB0A2C6F5C9300D07B72 /* libPhotoFusionAPI.a in Frameworks */ = {isa = PBXBuildFile; fileRef = 5693FB092C6F5C7900D07B72 /* libPhotoFusionAPI.a */; };
		56E1D78A2C47BFEC008A445A /* PhotoFusionApp.swift in Sources */ = {isa = PBXBuildFile; fileRef = 56E1D7892C47BFEC008A445A /* PhotoFusionApp.swift */; };
		56E1D78C2C47BFEC008A445A /* ContentView.swift in Sources */ = {isa = PBXBuildFile; fileRef = 56E1D78B2C47BFEC008A445A /* ContentView.swift */; };
		56E1D78E2C47BFEE008A445A /* Assets.xcassets in Resources */ = {isa = PBXBuildFile; fileRef = 56E1D78D2C47BFEE008A445A /* Assets.xcassets */; };
		56E1D7912C47BFEE008A445A /* Preview Assets.xcassets in Resources */ = {isa = PBXBuildFile; fileRef = 56E1D7902C47BFEE008A445A /* Preview Assets.xcassets */; };
		56E1D79B2C47BFEE008A445A /* PhotoFusionTests.swift in Sources */ = {isa = PBXBuildFile; fileRef = 56E1D79A2C47BFEE008A445A /* PhotoFusionTests.swift */; };
		56E1D7A52C47BFEE008A445A /* PhotoFusionUITests.swift in Sources */ = {isa = PBXBuildFile; fileRef = 56E1D7A42C47BFEE008A445A /* PhotoFusionUITests.swift */; };
		56E1D7A72C47BFEE008A445A /* PhotoFusionUITestsLaunchTests.swift in Sources */ = {isa = PBXBuildFile; fileRef = 56E1D7A62C47BFEE008A445A /* PhotoFusionUITestsLaunchTests.swift */; };
/* End PBXBuildFile section */

/* Begin PBXContainerItemProxy section */
		56E1D7972C47BFEE008A445A /* PBXContainerItemProxy */ = {
			isa = PBXContainerItemProxy;
			containerPortal = 56E1D77E2C47BFEC008A445A /* Project object */;
			proxyType = 1;
			remoteGlobalIDString = 56E1D7852C47BFEC008A445A;
			remoteInfo = RawDecoderDemo;
		};
		56E1D7A12C47BFEE008A445A /* PBXContainerItemProxy */ = {
			isa = PBXContainerItemProxy;
			containerPortal = 56E1D77E2C47BFEC008A445A /* Project object */;
			proxyType = 1;
			remoteGlobalIDString = 56E1D7852C47BFEC008A445A;
			remoteInfo = RawDecoderDemo;
		};
/* End PBXContainerItemProxy section */

/* Begin PBXFileReference section */
		563E30D32C4ABD1000F748E5 /* Info.plist */ = {isa = PBXFileReference; lastKnownFileType = text.plist; path = Info.plist; sourceTree = "<group>"; };
		563E30D42C4ABECF00F748E5 /* PhotoFusion.entitlements */ = {isa = PBXFileReference; lastKnownFileType = text.plist.entitlements; path = PhotoFusion.entitlements; sourceTree = "<group>"; };
		56515E922C636785008B143C /* libPhotoFusionAPI.a */ = {isa = PBXFileReference; lastKnownFileType = archive.ar; name = libPhotoFusionAPI.a; path = "../../../../RawDecoder/vendor/PhotoFusion/build-iOS/libPhotoFusionAPI.a"; sourceTree = "<group>"; };
		56515E942C636992008B143C /* PhotoFusion-Bridging-Header.h */ = {isa = PBXFileReference; lastKnownFileType = sourcecode.c.h; path = "PhotoFusion-Bridging-Header.h"; sourceTree = "<group>"; };
		5680E1B22C6372B10013F39E /* PhotoFusionBridge.m */ = {isa = PBXFileReference; lastKnownFileType = sourcecode.c.objc; path = PhotoFusionBridge.m; sourceTree = "<group>"; };
		5693FB092C6F5C7900D07B72 /* libPhotoFusionAPI.a */ = {isa = PBXFileReference; lastKnownFileType = archive.ar; name = libPhotoFusionAPI.a; path = "../../build-iOS/libPhotoFusionAPI.a"; sourceTree = "<group>"; };
		5693FB0B2C75A33300D07B72 /* libjpeg.dylib */ = {isa = PBXFileReference; lastKnownFileType = "compiled.mach-o.dylib"; name = libjpeg.dylib; path = "../../../../github/libjpeg-turbo/universal/libjpeg.dylib"; sourceTree = "<group>"; };
		5693FB0D2C75A40C00D07B72 /* libjpeg.a */ = {isa = PBXFileReference; lastKnownFileType = archive.ar; name = libjpeg.a; path = "../../../../github/libjpeg-turbo/install-arm64/lib/libjpeg.a"; sourceTree = "<group>"; };
		5693FB0F2C75ADF900D07B72 /* libjpeg.a */ = {isa = PBXFileReference; lastKnownFileType = archive.ar; name = libjpeg.a; path = "../../../../github/libjpeg-turbo/universal/libjpeg.a"; sourceTree = "<group>"; };
		5693FB122C75CFB400D07B72 /* libjpeg.62.4.0.dylib */ = {isa = PBXFileReference; lastKnownFileType = "compiled.mach-o.dylib"; name = libjpeg.62.4.0.dylib; path = "../../../../github/libjpeg-turbo/build-iOS/libjpeg.62.4.0.dylib"; sourceTree = "<group>"; };
		56E1D7862C47BFEC008A445A /* PhotoFusionAPP.app */ = {isa = PBXFileReference; explicitFileType = wrapper.application; includeInIndex = 0; path = PhotoFusionAPP.app; sourceTree = BUILT_PRODUCTS_DIR; };
		56E1D7892C47BFEC008A445A /* PhotoFusionApp.swift */ = {isa = PBXFileReference; lastKnownFileType = sourcecode.swift; path = PhotoFusionApp.swift; sourceTree = "<group>"; };
		56E1D78B2C47BFEC008A445A /* ContentView.swift */ = {isa = PBXFileReference; lastKnownFileType = sourcecode.swift; path = ContentView.swift; sourceTree = "<group>"; };
		56E1D78D2C47BFEE008A445A /* Assets.xcassets */ = {isa = PBXFileReference; lastKnownFileType = folder.assetcatalog; path = Assets.xcassets; sourceTree = "<group>"; };
		56E1D7902C47BFEE008A445A /* Preview Assets.xcassets */ = {isa = PBXFileReference; lastKnownFileType = folder.assetcatalog; path = "Preview Assets.xcassets"; sourceTree = "<group>"; };
		56E1D7962C47BFEE008A445A /* PhotoFusionAPPTests.xctest */ = {isa = PBXFileReference; explicitFileType = wrapper.cfbundle; includeInIndex = 0; path = PhotoFusionAPPTests.xctest; sourceTree = BUILT_PRODUCTS_DIR; };
		56E1D79A2C47BFEE008A445A /* PhotoFusionTests.swift */ = {isa = PBXFileReference; lastKnownFileType = sourcecode.swift; path = PhotoFusionTests.swift; sourceTree = "<group>"; };
		56E1D7A02C47BFEE008A445A /* PhotoFusionAPPUITests.xctest */ = {isa = PBXFileReference; explicitFileType = wrapper.cfbundle; includeInIndex = 0; path = PhotoFusionAPPUITests.xctest; sourceTree = BUILT_PRODUCTS_DIR; };
		56E1D7A42C47BFEE008A445A /* PhotoFusionUITests.swift */ = {isa = PBXFileReference; lastKnownFileType = sourcecode.swift; path = PhotoFusionUITests.swift; sourceTree = "<group>"; };
		56E1D7A62C47BFEE008A445A /* PhotoFusionUITestsLaunchTests.swift */ = {isa = PBXFileReference; lastKnownFileType = sourcecode.swift; path = PhotoFusionUITestsLaunchTests.swift; sourceTree = "<group>"; };
/* End PBXFileReference section */

/* Begin PBXFrameworksBuildPhase section */
		56E1D7832C47BFEC008A445A /* Frameworks */ = {
			isa = PBXFrameworksBuildPhase;
			buildActionMask = 2147483647;
			files = (
				5693FB0A2C6F5C9300D07B72 /* libPhotoFusionAPI.a in Frameworks */,
			);
			runOnlyForDeploymentPostprocessing = 0;
		};
		56E1D7932C47BFEE008A445A /* Frameworks */ = {
			isa = PBXFrameworksBuildPhase;
			buildActionMask = 2147483647;
			files = (
			);
			runOnlyForDeploymentPostprocessing = 0;
		};
		56E1D79D2C47BFEE008A445A /* Frameworks */ = {
			isa = PBXFrameworksBuildPhase;
			buildActionMask = 2147483647;
			files = (
			);
			runOnlyForDeploymentPostprocessing = 0;
		};
/* End PBXFrameworksBuildPhase section */

/* Begin PBXGroup section */
		56E1D77D2C47BFEC008A445A = {
			isa = PBXGroup;
			children = (
				56E1D7882C47BFEC008A445A /* PhotoFusion */,
				56E1D7992C47BFEE008A445A /* PhotoFusionAPPTests */,
				56E1D7A32C47BFEE008A445A /* PhotoFusionAPPUITests */,
				56E1D7872C47BFEC008A445A /* Products */,
				56E1D7B32C47C089008A445A /* Frameworks */,
			);
			sourceTree = "<group>";
		};
		56E1D7872C47BFEC008A445A /* Products */ = {
			isa = PBXGroup;
			children = (
				56E1D7862C47BFEC008A445A /* PhotoFusionAPP.app */,
				56E1D7962C47BFEE008A445A /* PhotoFusionAPPTests.xctest */,
				56E1D7A02C47BFEE008A445A /* PhotoFusionAPPUITests.xctest */,
			);
			name = Products;
			sourceTree = "<group>";
		};
		56E1D7882C47BFEC008A445A /* PhotoFusion */ = {
			isa = PBXGroup;
			children = (
				563E30D42C4ABECF00F748E5 /* PhotoFusion.entitlements */,
				563E30D32C4ABD1000F748E5 /* Info.plist */,
				56E1D7892C47BFEC008A445A /* PhotoFusionApp.swift */,
				56E1D78B2C47BFEC008A445A /* ContentView.swift */,
				56E1D78D2C47BFEE008A445A /* Assets.xcassets */,
				56E1D78F2C47BFEE008A445A /* Preview Content */,
				5680E1B22C6372B10013F39E /* PhotoFusionBridge.m */,
				56515E942C636992008B143C /* PhotoFusion-Bridging-Header.h */,
			);
			path = PhotoFusion;
			sourceTree = "<group>";
		};
		56E1D78F2C47BFEE008A445A /* Preview Content */ = {
			isa = PBXGroup;
			children = (
				56E1D7902C47BFEE008A445A /* Preview Assets.xcassets */,
			);
			path = "Preview Content";
			sourceTree = "<group>";
		};
		56E1D7992C47BFEE008A445A /* PhotoFusionAPPTests */ = {
			isa = PBXGroup;
			children = (
				56E1D79A2C47BFEE008A445A /* PhotoFusionTests.swift */,
			);
			path = PhotoFusionAPPTests;
			sourceTree = "<group>";
		};
		56E1D7A32C47BFEE008A445A /* PhotoFusionAPPUITests */ = {
			isa = PBXGroup;
			children = (
				56E1D7A42C47BFEE008A445A /* PhotoFusionUITests.swift */,
				56E1D7A62C47BFEE008A445A /* PhotoFusionUITestsLaunchTests.swift */,
			);
			path = PhotoFusionAPPUITests;
			sourceTree = "<group>";
		};
		56E1D7B32C47C089008A445A /* Frameworks */ = {
			isa = PBXGroup;
			children = (
				5693FB122C75CFB400D07B72 /* libjpeg.62.4.0.dylib */,
				5693FB0D2C75A40C00D07B72 /* libjpeg.a */,
				5693FB0F2C75ADF900D07B72 /* libjpeg.a */,
				5693FB0B2C75A33300D07B72 /* libjpeg.dylib */,
				5693FB092C6F5C7900D07B72 /* libPhotoFusionAPI.a */,
				56515E922C636785008B143C /* libPhotoFusionAPI.a */,
			);
			name = Frameworks;
			sourceTree = "<group>";
		};
/* End PBXGroup section */

/* Begin PBXNativeTarget section */
		56E1D7852C47BFEC008A445A /* PhotoFusionAPP */ = {
			isa = PBXNativeTarget;
			buildConfigurationList = 56E1D7AA2C47BFEE008A445A /* Build configuration list for PBXNativeTarget "PhotoFusionAPP" */;
			buildPhases = (
				56E1D7822C47BFEC008A445A /* Sources */,
				56E1D7832C47BFEC008A445A /* Frameworks */,
				56E1D7842C47BFEC008A445A /* Resources */,
			);
			buildRules = (
			);
			dependencies = (
			);
			name = PhotoFusionAPP;
			productName = RawDecoderDemo;
			productReference = 56E1D7862C47BFEC008A445A /* PhotoFusionAPP.app */;
			productType = "com.apple.product-type.application";
		};
		56E1D7952C47BFEE008A445A /* PhotoFusionAPPTests */ = {
			isa = PBXNativeTarget;
			buildConfigurationList = 56E1D7AD2C47BFEE008A445A /* Build configuration list for PBXNativeTarget "PhotoFusionAPPTests" */;
			buildPhases = (
				56E1D7922C47BFEE008A445A /* Sources */,
				56E1D7932C47BFEE008A445A /* Frameworks */,
				56E1D7942C47BFEE008A445A /* Resources */,
			);
			buildRules = (
			);
			dependencies = (
				56E1D7982C47BFEE008A445A /* PBXTargetDependency */,
			);
			name = PhotoFusionAPPTests;
			productName = RawDecoderDemoTests;
			productReference = 56E1D7962C47BFEE008A445A /* PhotoFusionAPPTests.xctest */;
			productType = "com.apple.product-type.bundle.unit-test";
		};
		56E1D79F2C47BFEE008A445A /* PhotoFusionAPPUITests */ = {
			isa = PBXNativeTarget;
			buildConfigurationList = 56E1D7B02C47BFEE008A445A /* Build configuration list for PBXNativeTarget "PhotoFusionAPPUITests" */;
			buildPhases = (
				56E1D79C2C47BFEE008A445A /* Sources */,
				56E1D79D2C47BFEE008A445A /* Frameworks */,
				56E1D79E2C47BFEE008A445A /* Resources */,
			);
			buildRules = (
			);
			dependencies = (
				56E1D7A22C47BFEE008A445A /* PBXTargetDependency */,
			);
			name = PhotoFusionAPPUITests;
			productName = RawDecoderDemoUITests;
			productReference = 56E1D7A02C47BFEE008A445A /* PhotoFusionAPPUITests.xctest */;
			productType = "com.apple.product-type.bundle.ui-testing";
		};
/* End PBXNativeTarget section */

/* Begin PBXProject section */
		56E1D77E2C47BFEC008A445A /* Project object */ = {
			isa = PBXProject;
			attributes = {
				BuildIndependentTargetsInParallel = 1;
				LastSwiftUpdateCheck = 1540;
				LastUpgradeCheck = 1540;
				TargetAttributes = {
					56E1D7852C47BFEC008A445A = {
						CreatedOnToolsVersion = 15.4;
						LastSwiftMigration = 1540;
					};
					56E1D7952C47BFEE008A445A = {
						CreatedOnToolsVersion = 15.4;
						TestTargetID = 56E1D7852C47BFEC008A445A;
					};
					56E1D79F2C47BFEE008A445A = {
						CreatedOnToolsVersion = 15.4;
						TestTargetID = 56E1D7852C47BFEC008A445A;
					};
				};
			};
			buildConfigurationList = 56E1D7812C47BFEC008A445A /* Build configuration list for PBXProject "PhotoFusion" */;
			compatibilityVersion = "Xcode 15.3";
			developmentRegion = en;
			hasScannedForEncodings = 0;
			knownRegions = (
				en,
				Base,
			);
			mainGroup = 56E1D77D2C47BFEC008A445A;
			productRefGroup = 56E1D7872C47BFEC008A445A /* Products */;
			projectDirPath = "";
			projectRoot = "";
			targets = (
				56E1D7852C47BFEC008A445A /* PhotoFusionAPP */,
				56E1D7952C47BFEE008A445A /* PhotoFusionAPPTests */,
				56E1D79F2C47BFEE008A445A /* PhotoFusionAPPUITests */,
			);
		};
/* End PBXProject section */

/* Begin PBXResourcesBuildPhase section */
		56E1D7842C47BFEC008A445A /* Resources */ = {
			isa = PBXResourcesBuildPhase;
			buildActionMask = 2147483647;
			files = (
				56E1D7912C47BFEE008A445A /* Preview Assets.xcassets in Resources */,
				56E1D78E2C47BFEE008A445A /* Assets.xcassets in Resources */,
			);
			runOnlyForDeploymentPostprocessing = 0;
		};
		56E1D7942C47BFEE008A445A /* Resources */ = {
			isa = PBXResourcesBuildPhase;
			buildActionMask = 2147483647;
			files = (
			);
			runOnlyForDeploymentPostprocessing = 0;
		};
		56E1D79E2C47BFEE008A445A /* Resources */ = {
			isa = PBXResourcesBuildPhase;
			buildActionMask = 2147483647;
			files = (
			);
			runOnlyForDeploymentPostprocessing = 0;
		};
/* End PBXResourcesBuildPhase section */

/* Begin PBXSourcesBuildPhase section */
		56E1D7822C47BFEC008A445A /* Sources */ = {
			isa = PBXSourcesBuildPhase;
			buildActionMask = 2147483647;
			files = (
				56E1D78C2C47BFEC008A445A /* ContentView.swift in Sources */,
				56E1D78A2C47BFEC008A445A /* PhotoFusionApp.swift in Sources */,
				5680E1B32C6372B10013F39E /* PhotoFusionBridge.m in Sources */,
			);
			runOnlyForDeploymentPostprocessing = 0;
		};
		56E1D7922C47BFEE008A445A /* Sources */ = {
			isa = PBXSourcesBuildPhase;
			buildActionMask = 2147483647;
			files = (
				56E1D79B2C47BFEE008A445A /* PhotoFusionTests.swift in Sources */,
			);
			runOnlyForDeploymentPostprocessing = 0;
		};
		56E1D79C2C47BFEE008A445A /* Sources */ = {
			isa = PBXSourcesBuildPhase;
			buildActionMask = 2147483647;
			files = (
				56E1D7A52C47BFEE008A445A /* PhotoFusionUITests.swift in Sources */,
				56E1D7A72C47BFEE008A445A /* PhotoFusionUITestsLaunchTests.swift in Sources */,
			);
			runOnlyForDeploymentPostprocessing = 0;
		};
/* End PBXSourcesBuildPhase section */

/* Begin PBXTargetDependency section */
		56E1D7982C47BFEE008A445A /* PBXTargetDependency */ = {
			isa = PBXTargetDependency;
			target = 56E1D7852C47BFEC008A445A /* PhotoFusionAPP */;
			targetProxy = 56E1D7972C47BFEE008A445A /* PBXContainerItemProxy */;
		};
		56E1D7A22C47BFEE008A445A /* PBXTargetDependency */ = {
			isa = PBXTargetDependency;
			target = 56E1D7852C47BFEC008A445A /* PhotoFusionAPP */;
			targetProxy = 56E1D7A12C47BFEE008A445A /* PBXContainerItemProxy */;
		};
/* End PBXTargetDependency section */

/* Begin XCBuildConfiguration section */
		56E1D7A82C47BFEE008A445A /* Debug */ = {
			isa = XCBuildConfiguration;
			buildSettings = {
				ALWAYS_SEARCH_USER_PATHS = NO;
				ASSETCATALOG_COMPILER_GENERATE_SWIFT_ASSET_SYMBOL_EXTENSIONS = YES;
				CLANG_ANALYZER_NONNULL = YES;
				CLANG_ANALYZER_NUMBER_OBJECT_CONVERSION = YES_AGGRESSIVE;
				CLANG_CXX_LANGUAGE_STANDARD = "c++20";
				CLANG_ENABLE_MODULES = YES;
				CLANG_ENABLE_OBJC_ARC = YES;
				CLANG_ENABLE_OBJC_WEAK = YES;
				CLANG_WARN_BLOCK_CAPTURE_AUTORELEASING = YES;
				CLANG_WARN_BOOL_CONVERSION = YES;
				CLANG_WARN_COMMA = YES;
				CLANG_WARN_CONSTANT_CONVERSION = YES;
				CLANG_WARN_DEPRECATED_OBJC_IMPLEMENTATIONS = YES;
				CLANG_WARN_DIRECT_OBJC_ISA_USAGE = YES_ERROR;
				CLANG_WARN_DOCUMENTATION_COMMENTS = YES;
				CLANG_WARN_EMPTY_BODY = YES;
				CLANG_WARN_ENUM_CONVERSION = YES;
				CLANG_WARN_INFINITE_RECURSION = YES;
				CLANG_WARN_INT_CONVERSION = YES;
				CLANG_WARN_NON_LITERAL_NULL_CONVERSION = YES;
				CLANG_WARN_OBJC_IMPLICIT_RETAIN_SELF = YES;
				CLANG_WARN_OBJC_LITERAL_CONVERSION = YES;
				CLANG_WARN_OBJC_ROOT_CLASS = YES_ERROR;
				CLANG_WARN_QUOTED_INCLUDE_IN_FRAMEWORK_HEADER = YES;
				CLANG_WARN_RANGE_LOOP_ANALYSIS = YES;
				CLANG_WARN_STRICT_PROTOTYPES = YES;
				CLANG_WARN_SUSPICIOUS_MOVE = YES;
				CLANG_WARN_UNGUARDED_AVAILABILITY = YES_AGGRESSIVE;
				CLANG_WARN_UNREACHABLE_CODE = YES;
				CLANG_WARN__DUPLICATE_METHOD_MATCH = YES;
				COPY_PHASE_STRIP = NO;
				DEBUG_INFORMATION_FORMAT = dwarf;
				ENABLE_STRICT_OBJC_MSGSEND = YES;
				ENABLE_TESTABILITY = YES;
				ENABLE_USER_SCRIPT_SANDBOXING = YES;
				GCC_C_LANGUAGE_STANDARD = c11;
				GCC_DYNAMIC_NO_PIC = NO;
				GCC_INPUT_FILETYPE = sourcecode.cpp.objcpp;
				GCC_NO_COMMON_BLOCKS = YES;
				GCC_OPTIMIZATION_LEVEL = 0;
				GCC_PREPROCESSOR_DEFINITIONS = (
					"DEBUG=1",
					"$(inherited)",
				);
				GCC_WARN_64_TO_32_BIT_CONVERSION = YES;
				GCC_WARN_ABOUT_RETURN_TYPE = YES_ERROR;
				GCC_WARN_UNDECLARED_SELECTOR = YES;
				GCC_WARN_UNINITIALIZED_AUTOS = YES_AGGRESSIVE;
				GCC_WARN_UNUSED_FUNCTION = YES;
				GCC_WARN_UNUSED_VARIABLE = YES;
				IPHONEOS_DEPLOYMENT_TARGET = 17.5;
				LOCALIZATION_PREFERS_STRING_CATALOGS = YES;
				MTL_ENABLE_DEBUG_INFO = INCLUDE_SOURCE;
				MTL_FAST_MATH = YES;
				ONLY_ACTIVE_ARCH = YES;
				OTHER_CFLAGS = "";
				OTHER_CPLUSPLUSFLAGS = (
					"$(OTHER_CFLAGS)",
					"-stdlib=libc++",
				);
				OTHER_LDFLAGS = "";
				SDKROOT = iphoneos;
				SWIFT_ACTIVE_COMPILATION_CONDITIONS = "DEBUG $(inherited)";
				SWIFT_OPTIMIZATION_LEVEL = "-Onone";
			};
			name = Debug;
		};
		56E1D7A92C47BFEE008A445A /* Release */ = {
			isa = XCBuildConfiguration;
			buildSettings = {
				ALWAYS_SEARCH_USER_PATHS = NO;
				ASSETCATALOG_COMPILER_GENERATE_SWIFT_ASSET_SYMBOL_EXTENSIONS = YES;
				CLANG_ANALYZER_NONNULL = YES;
				CLANG_ANALYZER_NUMBER_OBJECT_CONVERSION = YES_AGGRESSIVE;
				CLANG_CXX_LANGUAGE_STANDARD = "c++20";
				CLANG_ENABLE_MODULES = YES;
				CLANG_ENABLE_OBJC_ARC = YES;
				CLANG_ENABLE_OBJC_WEAK = YES;
				CLANG_WARN_BLOCK_CAPTURE_AUTORELEASING = YES;
				CLANG_WARN_BOOL_CONVERSION = YES;
				CLANG_WARN_COMMA = YES;
				CLANG_WARN_CONSTANT_CONVERSION = YES;
				CLANG_WARN_DEPRECATED_OBJC_IMPLEMENTATIONS = YES;
				CLANG_WARN_DIRECT_OBJC_ISA_USAGE = YES_ERROR;
				CLANG_WARN_DOCUMENTATION_COMMENTS = YES;
				CLANG_WARN_EMPTY_BODY = YES;
				CLANG_WARN_ENUM_CONVERSION = YES;
				CLANG_WARN_INFINITE_RECURSION = YES;
				CLANG_WARN_INT_CONVERSION = YES;
				CLANG_WARN_NON_LITERAL_NULL_CONVERSION = YES;
				CLANG_WARN_OBJC_IMPLICIT_RETAIN_SELF = YES;
				CLANG_WARN_OBJC_LITERAL_CONVERSION = YES;
				CLANG_WARN_OBJC_ROOT_CLASS = YES_ERROR;
				CLANG_WARN_QUOTED_INCLUDE_IN_FRAMEWORK_HEADER = YES;
				CLANG_WARN_RANGE_LOOP_ANALYSIS = YES;
				CLANG_WARN_STRICT_PROTOTYPES = YES;
				CLANG_WARN_SUSPICIOUS_MOVE = YES;
				CLANG_WARN_UNGUARDED_AVAILABILITY = YES_AGGRESSIVE;
				CLANG_WARN_UNREACHABLE_CODE = YES;
				CLANG_WARN__DUPLICATE_METHOD_MATCH = YES;
				COPY_PHASE_STRIP = NO;
				DEBUG_INFORMATION_FORMAT = "dwarf-with-dsym";
				ENABLE_NS_ASSERTIONS = NO;
				ENABLE_STRICT_OBJC_MSGSEND = YES;
				ENABLE_USER_SCRIPT_SANDBOXING = YES;
				GCC_C_LANGUAGE_STANDARD = c11;
				GCC_INPUT_FILETYPE = sourcecode.cpp.objcpp;
				GCC_NO_COMMON_BLOCKS = YES;
				GCC_WARN_64_TO_32_BIT_CONVERSION = YES;
				GCC_WARN_ABOUT_RETURN_TYPE = YES_ERROR;
				GCC_WARN_UNDECLARED_SELECTOR = YES;
				GCC_WARN_UNINITIALIZED_AUTOS = YES_AGGRESSIVE;
				GCC_WARN_UNUSED_FUNCTION = YES;
				GCC_WARN_UNUSED_VARIABLE = YES;
				IPHONEOS_DEPLOYMENT_TARGET = 17.5;
				LOCALIZATION_PREFERS_STRING_CATALOGS = YES;
				MTL_ENABLE_DEBUG_INFO = NO;
				MTL_FAST_MATH = YES;
				OTHER_CFLAGS = "";
				OTHER_CPLUSPLUSFLAGS = (
					"$(OTHER_CFLAGS)",
					"-stdlib=libc++",
				);
				OTHER_LDFLAGS = "";
				SDKROOT = iphoneos;
				SWIFT_COMPILATION_MODE = wholemodule;
				VALIDATE_PRODUCT = YES;
			};
			name = Release;
		};
		56E1D7AB2C47BFEE008A445A /* Debug */ = {
			isa = XCBuildConfiguration;
			buildSettings = {
				ASSETCATALOG_COMPILER_APPICON_NAME = AppIcon;
				ASSETCATALOG_COMPILER_GLOBAL_ACCENT_COLOR_NAME = AccentColor;
				ASSETCATALOG_COMPILER_INCLUDE_ALL_APPICON_ASSETS = NO;
				CLANG_ENABLE_MODULES = YES;
				CODE_SIGN_ENTITLEMENTS = PhotoFusion/PhotoFusion.entitlements;
				CODE_SIGN_IDENTITY = "Apple Development";
				CODE_SIGN_STYLE = Automatic;
				CURRENT_PROJECT_VERSION = 1;
				DEVELOPMENT_ASSET_PATHS = "PhotoFusion/Preview\\ Content";
				DEVELOPMENT_TEAM = VZ69WL8U37;
				ENABLE_PREVIEWS = YES;
				GENERATE_INFOPLIST_FILE = YES;
				HEADER_SEARCH_PATHS = /Users/luqi03/workspace/online_github/PhotoFusion/include;
				INFOPLIST_FILE = PhotoFusion/Info.plist;
				INFOPLIST_KEY_CFBundleDisplayName = PhotoFusion;
				INFOPLIST_KEY_NSDocumentsFolderUsageDescription = "We need access to your documents to select and decode RAW files.";
				INFOPLIST_KEY_NSPhotoLibraryAddUsageDescription = "保存到相册";
				INFOPLIST_KEY_NSPhotoLibraryUsageDescription = "use photos";
				INFOPLIST_KEY_UIApplicationSceneManifest_Generation = YES;
				INFOPLIST_KEY_UIApplicationSupportsIndirectInputEvents = YES;
				INFOPLIST_KEY_UILaunchScreen_Generation = YES;
				INFOPLIST_KEY_UISupportedInterfaceOrientations_iPad = "UIInterfaceOrientationPortrait UIInterfaceOrientationPortraitUpsideDown UIInterfaceOrientationLandscapeLeft UIInterfaceOrientationLandscapeRight";
				INFOPLIST_KEY_UISupportedInterfaceOrientations_iPhone = "UIInterfaceOrientationPortrait UIInterfaceOrientationLandscapeLeft UIInterfaceOrientationLandscapeRight";
				LD_RUNPATH_SEARCH_PATHS = (
					"$(inherited)",
					"@executable_path/Frameworks",
				);
				LIBRARY_SEARCH_PATHS = "/Users/luqi03/workspace/online_github/PhotoFusion/build-iOS";
				MARKETING_VERSION = 1.0;
				OTHER_LDFLAGS = "";
				PRODUCT_BUNDLE_IDENTIFIER = com.luckyqueen.PhotoFusion;
				PRODUCT_NAME = "$(TARGET_NAME)";
				PROVISIONING_PROFILE_SPECIFIER = "";
				SWIFT_EMIT_LOC_STRINGS = YES;
				SWIFT_OBJC_BRIDGING_HEADER = "PhotoFusion/PhotoFusion-Bridging-Header.h";
				SWIFT_OPTIMIZATION_LEVEL = "-Onone";
				SWIFT_VERSION = 5.0;
				TARGETED_DEVICE_FAMILY = "1,2";
			};
			name = Debug;
		};
		56E1D7AC2C47BFEE008A445A /* Release */ = {
			isa = XCBuildConfiguration;
			buildSettings = {
				ASSETCATALOG_COMPILER_APPICON_NAME = AppIcon;
				ASSETCATALOG_COMPILER_GLOBAL_ACCENT_COLOR_NAME = AccentColor;
				ASSETCATALOG_COMPILER_INCLUDE_ALL_APPICON_ASSETS = NO;
				CLANG_ENABLE_MODULES = YES;
				CODE_SIGN_ENTITLEMENTS = PhotoFusion/PhotoFusion.entitlements;
				CODE_SIGN_IDENTITY = "Apple Development";
				CODE_SIGN_STYLE = Automatic;
				CURRENT_PROJECT_VERSION = 1;
				DEVELOPMENT_ASSET_PATHS = "PhotoFusion/Preview\\ Content";
				DEVELOPMENT_TEAM = VZ69WL8U37;
				ENABLE_PREVIEWS = YES;
				GENERATE_INFOPLIST_FILE = YES;
				HEADER_SEARCH_PATHS = /Users/luqi03/workspace/online_github/PhotoFusion/include;
				INFOPLIST_FILE = PhotoFusion/Info.plist;
				INFOPLIST_KEY_CFBundleDisplayName = PhotoFusion;
				INFOPLIST_KEY_NSDocumentsFolderUsageDescription = "We need access to your documents to select and decode RAW files.";
				INFOPLIST_KEY_NSPhotoLibraryAddUsageDescription = "保存到相册";
				INFOPLIST_KEY_NSPhotoLibraryUsageDescription = "use photos";
				INFOPLIST_KEY_UIApplicationSceneManifest_Generation = YES;
				INFOPLIST_KEY_UIApplicationSupportsIndirectInputEvents = YES;
				INFOPLIST_KEY_UILaunchScreen_Generation = YES;
				INFOPLIST_KEY_UISupportedInterfaceOrientations_iPad = "UIInterfaceOrientationPortrait UIInterfaceOrientationPortraitUpsideDown UIInterfaceOrientationLandscapeLeft UIInterfaceOrientationLandscapeRight";
				INFOPLIST_KEY_UISupportedInterfaceOrientations_iPhone = "UIInterfaceOrientationPortrait UIInterfaceOrientationLandscapeLeft UIInterfaceOrientationLandscapeRight";
				LD_RUNPATH_SEARCH_PATHS = (
					"$(inherited)",
					"@executable_path/Frameworks",
				);
				LIBRARY_SEARCH_PATHS = "/Users/luqi03/workspace/online_github/PhotoFusion/build-iOS";
				MARKETING_VERSION = 1.0;
				OTHER_LDFLAGS = "";
				PRODUCT_BUNDLE_IDENTIFIER = com.luckyqueen.PhotoFusion;
				PRODUCT_NAME = "$(TARGET_NAME)";
				PROVISIONING_PROFILE_SPECIFIER = "";
				SWIFT_EMIT_LOC_STRINGS = YES;
				SWIFT_OBJC_BRIDGING_HEADER = "PhotoFusion/PhotoFusion-Bridging-Header.h";
				SWIFT_VERSION = 5.0;
				TARGETED_DEVICE_FAMILY = "1,2";
			};
			name = Release;
		};
		56E1D7AE2C47BFEE008A445A /* Debug */ = {
			isa = XCBuildConfiguration;
			buildSettings = {
				ALWAYS_EMBED_SWIFT_STANDARD_LIBRARIES = YES;
				BUNDLE_LOADER = "$(TEST_HOST)";
				CODE_SIGN_STYLE = Automatic;
				CURRENT_PROJECT_VERSION = 1;
				DEVELOPMENT_TEAM = VZ69WL8U37;
				GENERATE_INFOPLIST_FILE = YES;
				IPHONEOS_DEPLOYMENT_TARGET = 17.5;
				MARKETING_VERSION = 1.0;
				PRODUCT_BUNDLE_IDENTIFIER = com.luckyqueen.RawDecoderDemoTests;
				PRODUCT_NAME = "$(TARGET_NAME)";
				SWIFT_EMIT_LOC_STRINGS = NO;
				SWIFT_VERSION = 5.0;
				TARGETED_DEVICE_FAMILY = "1,2";
				TEST_HOST = "$(BUILT_PRODUCTS_DIR)/PhotoFusionAPP.app/$(BUNDLE_EXECUTABLE_FOLDER_PATH)/PhotoFusionAPP";
			};
			name = Debug;
		};
		56E1D7AF2C47BFEE008A445A /* Release */ = {
			isa = XCBuildConfiguration;
			buildSettings = {
				ALWAYS_EMBED_SWIFT_STANDARD_LIBRARIES = YES;
				BUNDLE_LOADER = "$(TEST_HOST)";
				CODE_SIGN_STYLE = Automatic;
				CURRENT_PROJECT_VERSION = 1;
				DEVELOPMENT_TEAM = VZ69WL8U37;
				GENERATE_INFOPLIST_FILE = YES;
				IPHONEOS_DEPLOYMENT_TARGET = 17.5;
				MARKETING_VERSION = 1.0;
				PRODUCT_BUNDLE_IDENTIFIER = com.luckyqueen.RawDecoderDemoTests;
				PRODUCT_NAME = "$(TARGET_NAME)";
				SWIFT_EMIT_LOC_STRINGS = NO;
				SWIFT_VERSION = 5.0;
				TARGETED_DEVICE_FAMILY = "1,2";
				TEST_HOST = "$(BUILT_PRODUCTS_DIR)/PhotoFusionAPP.app/$(BUNDLE_EXECUTABLE_FOLDER_PATH)/PhotoFusionAPP";
			};
			name = Release;
		};
		56E1D7B12C47BFEE008A445A /* Debug */ = {
			isa = XCBuildConfiguration;
			buildSettings = {
				ALWAYS_EMBED_SWIFT_STANDARD_LIBRARIES = YES;
				CODE_SIGN_STYLE = Automatic;
				CURRENT_PROJECT_VERSION = 1;
				DEVELOPMENT_TEAM = VZ69WL8U37;
				GENERATE_INFOPLIST_FILE = YES;
				MARKETING_VERSION = 1.0;
				PRODUCT_BUNDLE_IDENTIFIER = com.luckyqueen.RawDecoderDemoUITests;
				PRODUCT_NAME = "$(TARGET_NAME)";
				SWIFT_EMIT_LOC_STRINGS = NO;
				SWIFT_VERSION = 5.0;
				TARGETED_DEVICE_FAMILY = "1,2";
				TEST_TARGET_NAME = RawDecoderDemo;
			};
			name = Debug;
		};
		56E1D7B22C47BFEE008A445A /* Release */ = {
			isa = XCBuildConfiguration;
			buildSettings = {
				ALWAYS_EMBED_SWIFT_STANDARD_LIBRARIES = YES;
				CODE_SIGN_STYLE = Automatic;
				CURRENT_PROJECT_VERSION = 1;
				DEVELOPMENT_TEAM = VZ69WL8U37;
				GENERATE_INFOPLIST_FILE = YES;
				MARKETING_VERSION = 1.0;
				PRODUCT_BUNDLE_IDENTIFIER = com.luckyqueen.RawDecoderDemoUITests;
				PRODUCT_NAME = "$(TARGET_NAME)";
				SWIFT_EMIT_LOC_STRINGS = NO;
				SWIFT_VERSION = 5.0;
				TARGETED_DEVICE_FAMILY = "1,2";
				TEST_TARGET_NAME = RawDecoderDemo;
			};
			name = Release;
		};
/* End XCBuildConfiguration section */

/* Begin XCConfigurationList section */
		56E1D7812C47BFEC008A445A /* Build configuration list for PBXProject "PhotoFusion" */ = {
			isa = XCConfigurationList;
			buildConfigurations = (
				56E1D7A82C47BFEE008A445A /* Debug */,
				56E1D7A92C47BFEE008A445A /* Release */,
			);
			defaultConfigurationIsVisible = 0;
			defaultConfigurationName = Release;
		};
		56E1D7AA2C47BFEE008A445A /* Build configuration list for PBXNativeTarget "PhotoFusionAPP" */ = {
			isa = XCConfigurationList;
			buildConfigurations = (
				56E1D7AB2C47BFEE008A445A /* Debug */,
				56E1D7AC2C47BFEE008A445A /* Release */,
			);
			defaultConfigurationIsVisible = 0;
			defaultConfigurationName = Release;
		};
		56E1D7AD2C47BFEE008A445A /* Build configuration list for PBXNativeTarget "PhotoFusionAPPTests" */ = {
			isa = XCConfigurationList;
			buildConfigurations = (
				56E1D7AE2C47BFEE008A445A /* Debug */,
				56E1D7AF2C47BFEE008A445A /* Release */,
			);
			defaultConfigurationIsVisible = 0;
			defaultConfigurationName = Release;
		};
		56E1D7B02C47BFEE008A445A /* Build configuration list for PBXNativeTarget "PhotoFusionAPPUITests" */ = {
			isa = XCConfigurationList;
			buildConfigurations = (
				56E1D7B12C47BFEE008A445A /* Debug */,
				56E1D7B22C47BFEE008A445A /* Release */,
			);
			defaultConfigurationIsVisible = 0;
			defaultConfigurationName = Release;
		};
/* End XCConfigurationList section */
	};
	rootObject = 56E1D77E2C47BFEC008A445A /* Project object */;
}
